
Microsoft Visual Studio Solution File, Format Version 12.00
# Visual Studio Version 17
VisualStudioVersion = 17.11.35125.118
MinimumVisualStudioVersion = 10.0.40219.1
Project("{FAE04EC0-301F-11D3-BF4B-00C04F79EFBC}") = "DSA_BubbleSort", "DSA_BubbleSort\DSA_BubbleSort.csproj", "{04349A6B-9099-449E-BE3B-13462868B0EA}"
EndProject
Global
	GlobalSection(SolutionConfigurationPlatforms) = preSolution
		Debug|Any CPU = Debug|Any CPU
		Release|Any CPU = Release|Any CPU
	EndGlobalSection
	GlobalSection(ProjectConfigurationPlatforms) = postSolution
		{04349A6B-9099-449E-BE3B-13462868B0EA}.Debug|Any CPU.ActiveCfg = Debug|Any CPU
		{04349A6B-9099-449E-BE3B-13462868B0EA}.Debug|Any CPU.Build.0 = Debug|Any CPU
		{04349A6B-9099-449E-BE3B-13462868B0EA}.Release|Any CPU.ActiveCfg = Release|Any CPU
		{04349A6B-9099-449E-BE3B-13462868B0EA}.Release|Any CPU.Build.0 = Release|Any CPU
	EndGlobalSection
	GlobalSection(SolutionProperties) = preSolution
		HideSolutionNode = FALSE
	EndGlobalSection
	GlobalSection(ExtensibilityGlobals) = postSolution
		SolutionGuid = {37FA43AC-2316-45C7-88D3-C4F7ECA5109E}
	EndGlobalSection
EndGlobal
